
Microsoft Visual Studio Solution File, Format Version 12.00
# Visual Studio 2013
VisualStudioVersion = 12.0.40629.0
MinimumVisualStudioVersion = 10.0.40219.1
Project("{FAE04EC0-301F-11D3-BF4B-00C04F79EFBC}") = "Restaurante", "Restaurante\Restaurante.csproj", "{AFE72677-387F-4CB3-9A22-1A0F63BADF4B}"
EndProject
Global
	GlobalSection(SolutionConfigurationPlatforms) = preSolution
		Debug|Any CPU = Debug|Any CPU
		Release|Any CPU = Release|Any CPU
	EndGlobalSection
	GlobalSection(ProjectConfigurationPlatforms) = postSolution
		{AFE72677-387F-4CB3-9A22-1A0F63BADF4B}.Debug|Any CPU.ActiveCfg = Debug|Any CPU
		{AFE72677-387F-4CB3-9A22-1A0F63BADF4B}.Debug|Any CPU.Build.0 = Debug|Any CPU
		{AFE72677-387F-4CB3-9A22-1A0F63BADF4B}.Release|Any CPU.ActiveCfg = Release|Any CPU
		{AFE72677-387F-4CB3-9A22-1A0F63BADF4B}.Release|Any CPU.Build.0 = Release|Any CPU
	EndGlobalSection
	GlobalSection(SolutionProperties) = preSolution
		HideSolutionNode = FALSE
	EndGlobalSection
EndGlobal
